
Microsoft Visual Studio Solution File, Format Version 12.00
# Visual Studio Version 17
VisualStudioVersion = 17.0.32014.148
MinimumVisualStudioVersion = 10.0.40219.1
Project("{FAE04EC0-301F-11D3-BF4B-00C04F79EFBC}") = "DmgRolls", "DmgRolls\DmgRolls.csproj", "{0EDF39E2-B5A6-487D-9DAA-38514C040E60}"
EndProject
Global
	GlobalSection(SolutionConfigurationPlatforms) = preSolution
		Debug|Any CPU = Debug|Any CPU
		Release|Any CPU = Release|Any CPU
	EndGlobalSection
	GlobalSection(ProjectConfigurationPlatforms) = postSolution
		{0EDF39E2-B5A6-487D-9DAA-38514C040E60}.Debug|Any CPU.ActiveCfg = Debug|Any CPU
		{0EDF39E2-B5A6-487D-9DAA-38514C040E60}.Debug|Any CPU.Build.0 = Debug|Any CPU
		{0EDF39E2-B5A6-487D-9DAA-38514C040E60}.Release|Any CPU.ActiveCfg = Release|Any CPU
		{0EDF39E2-B5A6-487D-9DAA-38514C040E60}.Release|Any CPU.Build.0 = Release|Any CPU
	EndGlobalSection
	GlobalSection(SolutionProperties) = preSolution
		HideSolutionNode = FALSE
	EndGlobalSection
	GlobalSection(ExtensibilityGlobals) = postSolution
		SolutionGuid = {014F8B7B-6C8A-4CFB-A800-4FEED3DA59DC}
	EndGlobalSection
EndGlobal
